// !$*UTF8*$!
{
	archiveVersion = 1;
	classes = {
	};
	objectVersion = 50;
	objects = {

/* Begin PBXBuildFile section */
		6D962A582263A23C00750FF5 /* AppDelegate.swift in Sources */ = {isa = PBXBuildFile; fileRef = 6D962A572263A23C00750FF5 /* AppDelegate.swift */; };
		6D962A5A2263A23C00750FF5 /* ViewController.swift in Sources */ = {isa = PBXBuildFile; fileRef = 6D962A592263A23C00750FF5 /* ViewController.swift */; };
		6D962A5D2263A23C00750FF5 /* Main.storyboard in Resources */ = {isa = PBXBuildFile; fileRef = 6D962A5B2263A23C00750FF5 /* Main.storyboard */; };
		6D962A5F2263A23D00750FF5 /* Assets.xcassets in Resources */ = {isa = PBXBuildFile; fileRef = 6D962A5E2263A23D00750FF5 /* Assets.xcassets */; };
		6D962A622263A23D00750FF5 /* LaunchScreen.storyboard in Resources */ = {isa = PBXBuildFile; fileRef = 6D962A602263A23D00750FF5 /* LaunchScreen.storyboard */; };
		6D962A6D2263A23E00750FF5 /* FantasticViewTests.swift in Sources */ = {isa = PBXBuildFile; fileRef = 6D962A6C2263A23E00750FF5 /* FantasticViewTests.swift */; };
		6D962A782263A23E00750FF5 /* FantasticViewUITests.swift in Sources */ = {isa = PBXBuildFile; fileRef = 6D962A772263A23E00750FF5 /* FantasticViewUITests.swift */; };
		6D962A862263A25A00750FF5 /* FantasticView.swift in Sources */ = {isa = PBXBuildFile; fileRef = 6D962A852263A25A00750FF5 /* FantasticView.swift */; };
/* End PBXBuildFile section */

/* Begin PBXContainerItemProxy section */
		6D962A692263A23E00750FF5 /* PBXContainerItemProxy */ = {
			isa = PBXContainerItemProxy;
			containerPortal = 6D962A4C2263A23B00750FF5 /* Project object */;
			proxyType = 1;
			remoteGlobalIDString = 6D962A532263A23C00750FF5;
			remoteInfo = FantasticView;
		};
		6D962A742263A23E00750FF5 /* PBXContainerItemProxy */ = {
			isa = PBXContainerItemProxy;
			containerPortal = 6D962A4C2263A23B00750FF5 /* Project object */;
			proxyType = 1;
			remoteGlobalIDString = 6D962A532263A23C00750FF5;
			remoteInfo = FantasticView;
		};
/* End PBXContainerItemProxy section */

/* Begin PBXFileReference section */
		6D962A542263A23C00750FF5 /* FantasticView.app */ = {isa = PBXFileReference; explicitFileType = wrapper.application; includeInIndex = 0; path = FantasticView.app; sourceTree = BUILT_PRODUCTS_DIR; };
		6D962A572263A23C00750FF5 /* AppDelegate.swift */ = {isa = PBXFileReference; lastKnownFileType = sourcecode.swift; path = AppDelegate.swift; sourceTree = "<group>"; };
		6D962A592263A23C00750FF5 /* ViewController.swift */ = {isa = PBXFileReference; lastKnownFileType = sourcecode.swift; path = ViewController.swift; sourceTree = "<group>"; };
		6D962A5C2263A23C00750FF5 /* Base */ = {isa = PBXFileReference; lastKnownFileType = file.storyboard; name = Base; path = Base.lproj/Main.storyboard; sourceTree = "<group>"; };
		6D962A5E2263A23D00750FF5 /* Assets.xcassets */ = {isa = PBXFileReference; lastKnownFileType = folder.assetcatalog; path = Assets.xcassets; sourceTree = "<group>"; };
		6D962A612263A23D00750FF5 /* Base */ = {isa = PBXFileReference; lastKnownFileType = file.storyboard; name = Base; path = Base.lproj/LaunchScreen.storyboard; sourceTree = "<group>"; };
		6D962A632263A23D00750FF5 /* Info.plist */ = {isa = PBXFileReference; lastKnownFileType = text.plist.xml; path = Info.plist; sourceTree = "<group>"; };
		6D962A682263A23E00750FF5 /* FantasticViewTests.xctest */ = {isa = PBXFileReference; explicitFileType = wrapper.cfbundle; includeInIndex = 0; path = FantasticViewTests.xctest; sourceTree = BUILT_PRODUCTS_DIR; };
		6D962A6C2263A23E00750FF5 /* FantasticViewTests.swift */ = {isa = PBXFileReference; lastKnownFileType = sourcecode.swift; path = FantasticViewTests.swift; sourceTree = "<group>"; };
		6D962A6E2263A23E00750FF5 /* Info.plist */ = {isa = PBXFileReference; lastKnownFileType = text.plist.xml; path = Info.plist; sourceTree = "<group>"; };
		6D962A732263A23E00750FF5 /* FantasticViewUITests.xctest */ = {isa = PBXFileReference; explicitFileType = wrapper.cfbundle; includeInIndex = 0; path = FantasticViewUITests.xctest; sourceTree = BUILT_PRODUCTS_DIR; };
		6D962A772263A23E00750FF5 /* FantasticViewUITests.swift */ = {isa = PBXFileReference; lastKnownFileType = sourcecode.swift; path = FantasticViewUITests.swift; sourceTree = "<group>"; };
		6D962A792263A23E00750FF5 /* Info.plist */ = {isa = PBXFileReference; lastKnownFileType = text.plist.xml; path = Info.plist; sourceTree = "<group>"; };
		6D962A852263A25A00750FF5 /* FantasticView.swift */ = {isa = PBXFileReference; lastKnownFileType = sourcecode.swift; path = FantasticView.swift; sourceTree = "<group>"; };
/* End PBXFileReference section */

/* Begin PBXFrameworksBuildPhase section */
		6D962A512263A23C00750FF5 /* Frameworks */ = {
			isa = PBXFrameworksBuildPhase;
			buildActionMask = 2147483647;
			files = (
			);
			runOnlyForDeploymentPostprocessing = 0;
		};
		6D962A652263A23E00750FF5 /* Frameworks */ = {
			isa = PBXFrameworksBuildPhase;
			buildActionMask = 2147483647;
			files = (
			);
			runOnlyForDeploymentPostprocessing = 0;
		};
		6D962A702263A23E00750FF5 /* Frameworks */ = {
			isa = PBXFrameworksBuildPhase;
			buildActionMask = 2147483647;
			files = (
			);
			runOnlyForDeploymentPostprocessing = 0;
		};
/* End PBXFrameworksBuildPhase section */

/* Begin PBXGroup section */
		6D962A4B2263A23B00750FF5 = {
			isa = PBXGroup;
			children = (
				6D962A562263A23C00750FF5 /* FantasticView */,
				6D962A6B2263A23E00750FF5 /* FantasticViewTests */,
				6D962A762263A23E00750FF5 /* FantasticViewUITests */,
				6D962A552263A23C00750FF5 /* Products */,
			);
			sourceTree = "<group>";
		};
		6D962A552263A23C00750FF5 /* Products */ = {
			isa = PBXGroup;
			children = (
				6D962A542263A23C00750FF5 /* FantasticView.app */,
				6D962A682263A23E00750FF5 /* FantasticViewTests.xctest */,
				6D962A732263A23E00750FF5 /* FantasticViewUITests.xctest */,
			);
			name = Products;
			sourceTree = "<group>";
		};
		6D962A562263A23C00750FF5 /* FantasticView */ = {
			isa = PBXGroup;
			children = (
				6D962A572263A23C00750FF5 /* AppDelegate.swift */,
				6D962A592263A23C00750FF5 /* ViewController.swift */,
				6D962A5B2263A23C00750FF5 /* Main.storyboard */,
				6D962A5E2263A23D00750FF5 /* Assets.xcassets */,
				6D962A602263A23D00750FF5 /* LaunchScreen.storyboard */,
				6D962A632263A23D00750FF5 /* Info.plist */,
				6D962A852263A25A00750FF5 /* FantasticView.swift */,
			);
			path = FantasticView;
			sourceTree = "<group>";
		};
		6D962A6B2263A23E00750FF5 /* FantasticViewTests */ = {
			isa = PBXGroup;
			children = (
				6D962A6C2263A23E00750FF5 /* FantasticViewTests.swift */,
				6D962A6E2263A23E00750FF5 /* Info.plist */,
			);
			path = FantasticViewTests;
			sourceTree = "<group>";
		};
		6D962A762263A23E00750FF5 /* FantasticViewUITests */ = {
			isa = PBXGroup;
			children = (
				6D962A772263A23E00750FF5 /* FantasticViewUITests.swift */,
				6D962A792263A23E00750FF5 /* Info.plist */,
			);
			path = FantasticViewUITests;
			sourceTree = "<group>";
		};
/* End PBXGroup section */

/* Begin PBXNativeTarget section */
		6D962A532263A23C00750FF5 /* FantasticView */ = {
			isa = PBXNativeTarget;
			buildConfigurationList = 6D962A7C2263A23E00750FF5 /* Build configuration list for PBXNativeTarget "FantasticView" */;
			buildPhases = (
				6D962A502263A23C00750FF5 /* Sources */,
				6D962A512263A23C00750FF5 /* Frameworks */,
				6D962A522263A23C00750FF5 /* Resources */,
			);
			buildRules = (
			);
			dependencies = (
			);
			name = FantasticView;
			productName = FantasticView;
			productReference = 6D962A542263A23C00750FF5 /* FantasticView.app */;
			productType = "com.apple.product-type.application";
		};
		6D962A672263A23E00750FF5 /* FantasticViewTests */ = {
			isa = PBXNativeTarget;
			buildConfigurationList = 6D962A7F2263A23E00750FF5 /* Build configuration list for PBXNativeTarget "FantasticViewTests" */;
			buildPhases = (
				6D962A642263A23E00750FF5 /* Sources */,
				6D962A652263A23E00750FF5 /* Frameworks */,
				6D962A662263A23E00750FF5 /* Resources */,
			);
			buildRules = (
			);
			dependencies = (
				6D962A6A2263A23E00750FF5 /* PBXTargetDependency */,
			);
			name = FantasticViewTests;
			productName = FantasticViewTests;
			productReference = 6D962A682263A23E00750FF5 /* FantasticViewTests.xctest */;
			productType = "com.apple.product-type.bundle.unit-test";
		};
		6D962A722263A23E00750FF5 /* FantasticViewUITests */ = {
			isa = PBXNativeTarget;
			buildConfigurationList = 6D962A822263A23E00750FF5 /* Build configuration list for PBXNativeTarget "FantasticViewUITests" */;
			buildPhases = (
				6D962A6F2263A23E00750FF5 /* Sources */,
				6D962A702263A23E00750FF5 /* Frameworks */,
				6D962A712263A23E00750FF5 /* Resources */,
			);
			buildRules = (
			);
			dependencies = (
				6D962A752263A23E00750FF5 /* PBXTargetDependency */,
			);
			name = FantasticViewUITests;
			productName = FantasticViewUITests;
			productReference = 6D962A732263A23E00750FF5 /* FantasticViewUITests.xctest */;
			productType = "com.apple.product-type.bundle.ui-testing";
		};
/* End PBXNativeTarget section */

/* Begin PBXProject section */
		6D962A4C2263A23B00750FF5 /* Project object */ = {
			isa = PBXProject;
			attributes = {
				LastSwiftUpdateCheck = 1000;
				LastUpgradeCheck = 1000;
				ORGANIZATIONNAME = trivenibai;
				TargetAttributes = {
					6D962A532263A23C00750FF5 = {
						CreatedOnToolsVersion = 10.0;
					};
					6D962A672263A23E00750FF5 = {
						CreatedOnToolsVersion = 10.0;
						TestTargetID = 6D962A532263A23C00750FF5;
					};
					6D962A722263A23E00750FF5 = {
						CreatedOnToolsVersion = 10.0;
						TestTargetID = 6D962A532263A23C00750FF5;
					};
				};
			};
			buildConfigurationList = 6D962A4F2263A23B00750FF5 /* Build configuration list for PBXProject "FantasticView" */;
			compatibilityVersion = "Xcode 9.3";
			developmentRegion = en;
			hasScannedForEncodings = 0;
			knownRegions = (
				en,
				Base,
			);
			mainGroup = 6D962A4B2263A23B00750FF5;
			productRefGroup = 6D962A552263A23C00750FF5 /* Products */;
			projectDirPath = "";
			projectRoot = "";
			targets = (
				6D962A532263A23C00750FF5 /* FantasticView */,
				6D962A672263A23E00750FF5 /* FantasticViewTests */,
				6D962A722263A23E00750FF5 /* FantasticViewUITests */,
			);
		};
/* End PBXProject section */

/* Begin PBXResourcesBuildPhase section */
		6D962A522263A23C00750FF5 /* Resources */ = {
			isa = PBXResourcesBuildPhase;
			buildActionMask = 2147483647;
			files = (
				6D962A622263A23D00750FF5 /* LaunchScreen.storyboard in Resources */,
				6D962A5F2263A23D00750FF5 /* Assets.xcassets in Resources */,
				6D962A5D2263A23C00750FF5 /* Main.storyboard in Resources */,
			);
			runOnlyForDeploymentPostprocessing = 0;
		};
		6D962A662263A23E00750FF5 /* Resources */ = {
			isa = PBXResourcesBuildPhase;
			buildActionMask = 2147483647;
			files = (
			);
			runOnlyForDeploymentPostprocessing = 0;
		};
		6D962A712263A23E00750FF5 /* Resources */ = {
			isa = PBXResourcesBuildPhase;
			buildActionMask = 2147483647;
			files = (
			);
			runOnlyForDeploymentPostprocessing = 0;
		};
/* End PBXResourcesBuildPhase section */

/* Begin PBXSourcesBuildPhase section */
		6D962A502263A23C00750FF5 /* Sources */ = {
			isa = PBXSourcesBuildPhase;
			buildActionMask = 2147483647;
			files = (
				6D962A5A2263A23C00750FF5 /* ViewController.swift in Sources */,
				6D962A582263A23C00750FF5 /* AppDelegate.swift in Sources */,
				6D962A862263A25A00750FF5 /* FantasticView.swift in Sources */,
			);
			runOnlyForDeploymentPostprocessing = 0;
		};
		6D962A642263A23E00750FF5 /* Sources */ = {
			isa = PBXSourcesBuildPhase;
			buildActionMask = 2147483647;
			files = (
				6D962A6D2263A23E00750FF5 /* FantasticViewTests.swift in Sources */,
			);
			runOnlyForDeploymentPostprocessing = 0;
		};
		6D962A6F2263A23E00750FF5 /* Sources */ = {
			isa = PBXSourcesBuildPhase;
			buildActionMask = 2147483647;
			files = (
				6D962A782263A23E00750FF5 /* FantasticViewUITests.swift in Sources */,
			);
			runOnlyForDeploymentPostprocessing = 0;
		};
/* End PBXSourcesBuildPhase section */

/* Begin PBXTargetDependency section */
		6D962A6A2263A23E00750FF5 /* PBXTargetDependency */ = {
			isa = PBXTargetDependency;
			target = 6D962A532263A23C00750FF5 /* FantasticView */;
			targetProxy = 6D962A692263A23E00750FF5 /* PBXContainerItemProxy */;
		};
		6D962A752263A23E00750FF5 /* PBXTargetDependency */ = {
			isa = PBXTargetDependency;
			target = 6D962A532263A23C00750FF5 /* FantasticView */;
			targetProxy = 6D962A742263A23E00750FF5 /* PBXContainerItemProxy */;
		};
/* End PBXTargetDependency section */

/* Begin PBXVariantGroup section */
		6D962A5B2263A23C00750FF5 /* Main.storyboard */ = {
			isa = PBXVariantGroup;
			children = (
				6D962A5C2263A23C00750FF5 /* Base */,
			);
			name = Main.storyboard;
			sourceTree = "<group>";
		};
		6D962A602263A23D00750FF5 /* LaunchScreen.storyboard */ = {
			isa = PBXVariantGroup;
			children = (
				6D962A612263A23D00750FF5 /* Base */,
			);
			name = LaunchScreen.storyboard;
			sourceTree = "<group>";
		};
/* End PBXVariantGroup section */

/* Begin XCBuildConfiguration section */
		6D962A7A2263A23E00750FF5 /* Debug */ = {
			isa = XCBuildConfiguration;
			buildSettings = {
				ALWAYS_SEARCH_USER_PATHS = NO;
				CLANG_ANALYZER_NONNULL = YES;
				CLANG_ANALYZER_NUMBER_OBJECT_CONVERSION = YES_AGGRESSIVE;
				CLANG_CXX_LANGUAGE_STANDARD = "gnu++14";
				CLANG_CXX_LIBRARY = "libc++";
				CLANG_ENABLE_MODULES = YES;
				CLANG_ENABLE_OBJC_ARC = YES;
				CLANG_ENABLE_OBJC_WEAK = YES;
				CLANG_WARN_BLOCK_CAPTURE_AUTORELEASING = YES;
				CLANG_WARN_BOOL_CONVERSION = YES;
				CLANG_WARN_COMMA = YES;
				CLANG_WARN_CONSTANT_CONVERSION = YES;
				CLANG_WARN_DEPRECATED_OBJC_IMPLEMENTATIONS = YES;
				CLANG_WARN_DIRECT_OBJC_ISA_USAGE = YES_ERROR;
				CLANG_WARN_DOCUMENTATION_COMMENTS = YES;
				CLANG_WARN_EMPTY_BODY = YES;
				CLANG_WARN_ENUM_CONVERSION = YES;
				CLANG_WARN_INFINITE_RECURSION = YES;
				CLANG_WARN_INT_CONVERSION = YES;
				CLANG_WARN_NON_LITERAL_NULL_CONVERSION = YES;
				CLANG_WARN_OBJC_IMPLICIT_RETAIN_SELF = YES;
				CLANG_WARN_OBJC_LITERAL_CONVERSION = YES;
				CLANG_WARN_OBJC_ROOT_CLASS = YES_ERROR;
				CLANG_WARN_RANGE_LOOP_ANALYSIS = YES;
				CLANG_WARN_STRICT_PROTOTYPES = YES;
				CLANG_WARN_SUSPICIOUS_MOVE = YES;
				CLANG_WARN_UNGUARDED_AVAILABILITY = YES_AGGRESSIVE;
				CLANG_WARN_UNREACHABLE_CODE = YES;
				CLANG_WARN__DUPLICATE_METHOD_MATCH = YES;
				CODE_SIGN_IDENTITY = "iPhone Developer";
				COPY_PHASE_STRIP = NO;
				DEBUG_INFORMATION_FORMAT = dwarf;
				ENABLE_STRICT_OBJC_MSGSEND = YES;
				ENABLE_TESTABILITY = YES;
				GCC_C_LANGUAGE_STANDARD = gnu11;
				GCC_DYNAMIC_NO_PIC = NO;
				GCC_NO_COMMON_BLOCKS = YES;
				GCC_OPTIMIZATION_LEVEL = 0;
				GCC_PREPROCESSOR_DEFINITIONS = (
					"DEBUG=1",
					"$(inherited)",
				);
				GCC_WARN_64_TO_32_BIT_CONVERSION = YES;
				GCC_WARN_ABOUT_RETURN_TYPE = YES_ERROR;
				GCC_WARN_UNDECLARED_SELECTOR = YES;
				GCC_WARN_UNINITIALIZED_AUTOS = YES_AGGRESSIVE;
				GCC_WARN_UNUSED_FUNCTION = YES;
				GCC_WARN_UNUSED_VARIABLE = YES;
				IPHONEOS_DEPLOYMENT_TARGET = 12.0;
				MTL_ENABLE_DEBUG_INFO = INCLUDE_SOURCE;
				MTL_FAST_MATH = YES;
				ONLY_ACTIVE_ARCH = YES;
				SDKROOT = iphoneos;
				SWIFT_ACTIVE_COMPILATION_CONDITIONS = DEBUG;
				SWIFT_OPTIMIZATION_LEVEL = "-Onone";
			};
			name = Debug;
		};
		6D962A7B2263A23E00750FF5 /* Release */ = {
			isa = XCBuildConfiguration;
			buildSettings = {
				ALWAYS_SEARCH_USER_PATHS = NO;
				CLANG_ANALYZER_NONNULL = YES;
				CLANG_ANALYZER_NUMBER_OBJECT_CONVERSION = YES_AGGRESSIVE;
				CLANG_CXX_LANGUAGE_STANDARD = "gnu++14";
				CLANG_CXX_LIBRARY = "libc++";
				CLANG_ENABLE_MODULES = YES;
				CLANG_ENABLE_OBJC_ARC = YES;
				CLANG_ENABLE_OBJC_WEAK = YES;
				CLANG_WARN_BLOCK_CAPTURE_AUTORELEASING = YES;
				CLANG_WARN_BOOL_CONVERSION = YES;
				CLANG_WARN_COMMA = YES;
				CLANG_WARN_CONSTANT_CONVERSION = YES;
				CLANG_WARN_DEPRECATED_OBJC_IMPLEMENTATIONS = YES;
				CLANG_WARN_DIRECT_OBJC_ISA_USAGE = YES_ERROR;
				CLANG_WARN_DOCUMENTATION_COMMENTS = YES;
				CLANG_WARN_EMPTY_BODY = YES;
				CLANG_WARN_ENUM_CONVERSION = YES;
				CLANG_WARN_INFINITE_RECURSION = YES;
				CLANG_WARN_INT_CONVERSION = YES;
				CLANG_WARN_NON_LITERAL_NULL_CONVERSION = YES;
				CLANG_WARN_OBJC_IMPLICIT_RETAIN_SELF = YES;
				CLANG_WARN_OBJC_LITERAL_CONVERSION = YES;
				CLANG_WARN_OBJC_ROOT_CLASS = YES_ERROR;
				CLANG_WARN_RANGE_LOOP_ANALYSIS = YES;
				CLANG_WARN_STRICT_PROTOTYPES = YES;
				CLANG_WARN_SUSPICIOUS_MOVE = YES;
				CLANG_WARN_UNGUARDED_AVAILABILITY = YES_AGGRESSIVE;
				CLANG_WARN_UNREACHABLE_CODE = YES;
				CLANG_WARN__DUPLICATE_METHOD_MATCH = YES;
				CODE_SIGN_IDENTITY = "iPhone Developer";
				COPY_PHASE_STRIP = NO;
				DEBUG_INFORMATION_FORMAT = "dwarf-with-dsym";
				ENABLE_NS_ASSERTIONS = NO;
				ENABLE_STRICT_OBJC_MSGSEND = YES;
				GCC_C_LANGUAGE_STANDARD = gnu11;
				GCC_NO_COMMON_BLOCKS = YES;
				GCC_WARN_64_TO_32_BIT_CONVERSION = YES;
				GCC_WARN_ABOUT_RETURN_TYPE = YES_ERROR;
				GCC_WARN_UNDECLARED_SELECTOR = YES;
				GCC_WARN_UNINITIALIZED_AUTOS = YES_AGGRESSIVE;
				GCC_WARN_UNUSED_FUNCTION = YES;
				GCC_WARN_UNUSED_VARIABLE = YES;
				IPHONEOS_DEPLOYMENT_TARGET = 12.0;
				MTL_ENABLE_DEBUG_INFO = NO;
				MTL_FAST_MATH = YES;
				SDKROOT = iphoneos;
				SWIFT_COMPILATION_MODE = wholemodule;
				SWIFT_OPTIMIZATION_LEVEL = "-O";
				VALIDATE_PRODUCT = YES;
			};
			name = Release;
		};
		6D962A7D2263A23E00750FF5 /* Debug */ = {
			isa = XCBuildConfiguration;
			buildSettings = {
				ASSETCATALOG_COMPILER_APPICON_NAME = AppIcon;
				CODE_SIGN_STYLE = Automatic;
				DEVELOPMENT_TEAM = G748BV74F9;
				INFOPLIST_FILE = FantasticView/Info.plist;
				LD_RUNPATH_SEARCH_PATHS = (
					"$(inherited)",
					"@executable_path/Frameworks",
				);
				PRODUCT_BUNDLE_IDENTIFIER = com.trivenibai.FantasticView;
				PRODUCT_NAME = "$(TARGET_NAME)";
				SWIFT_VERSION = 4.2;
				TARGETED_DEVICE_FAMILY = "1,2";
			};
			name = Debug;
		};
		6D962A7E2263A23E00750FF5 /* Release */ = {
			isa = XCBuildConfiguration;
			buildSettings = {
				ASSETCATALOG_COMPILER_APPICON_NAME = AppIcon;
				CODE_SIGN_STYLE = Automatic;
				DEVELOPMENT_TEAM = G748BV74F9;
				INFOPLIST_FILE = FantasticView/Info.plist;
				LD_RUNPATH_SEARCH_PATHS = (
					"$(inherited)",
					"@executable_path/Frameworks",
				);
				PRODUCT_BUNDLE_IDENTIFIER = com.trivenibai.FantasticView;
				PRODUCT_NAME = "$(TARGET_NAME)";
				SWIFT_VERSION = 4.2;
				TARGETED_DEVICE_FAMILY = "1,2";
			};
			name = Release;
		};
		6D962A802263A23E00750FF5 /* Debug */ = {
			isa = XCBuildConfiguration;
			buildSettings = {
				ALWAYS_EMBED_SWIFT_STANDARD_LIBRARIES = YES;
				BUNDLE_LOADER = "$(TEST_HOST)";
				CODE_SIGN_STYLE = Automatic;
				DEVELOPMENT_TEAM = G748BV74F9;
				INFOPLIST_FILE = FantasticViewTests/Info.plist;
				LD_RUNPATH_SEARCH_PATHS = (
					"$(inherited)",
					"@executable_path/Frameworks",
					"@loader_path/Frameworks",
				);
				PRODUCT_BUNDLE_IDENTIFIER = com.trivenibai.FantasticViewTests;
				PRODUCT_NAME = "$(TARGET_NAME)";
				SWIFT_VERSION = 4.2;
				TARGETED_DEVICE_FAMILY = "1,2";
				TEST_HOST = "$(BUILT_PRODUCTS_DIR)/FantasticView.app/FantasticView";
			};
			name = Debug;
		};
		6D962A812263A23E00750FF5 /* Release */ = {
			isa = XCBuildConfiguration;
			buildSettings = {
				ALWAYS_EMBED_SWIFT_STANDARD_LIBRARIES = YES;
				BUNDLE_LOADER = "$(TEST_HOST)";
				CODE_SIGN_STYLE = Automatic;
				DEVELOPMENT_TEAM = G748BV74F9;
				INFOPLIST_FILE = FantasticViewTests/Info.plist;
				LD_RUNPATH_SEARCH_PATHS = (
					"$(inherited)",
					"@executable_path/Frameworks",
					"@loader_path/Frameworks",
				);
				PRODUCT_BUNDLE_IDENTIFIER = com.trivenibai.FantasticViewTests;
				PRODUCT_NAME = "$(TARGET_NAME)";
				SWIFT_VERSION = 4.2;
				TARGETED_DEVICE_FAMILY = "1,2";
				TEST_HOST = "$(BUILT_PRODUCTS_DIR)/FantasticView.app/FantasticView";
			};
			name = Release;
		};
		6D962A832263A23E00750FF5 /* Debug */ = {
			isa = XCBuildConfiguration;
			buildSettings = {
				ALWAYS_EMBED_SWIFT_STANDARD_LIBRARIES = YES;
				CODE_SIGN_STYLE = Automatic;
				DEVELOPMENT_TEAM = G748BV74F9;
				INFOPLIST_FILE = FantasticViewUITests/Info.plist;
				LD_RUNPATH_SEARCH_PATHS = (
					"$(inherited)",
					"@executable_path/Frameworks",
					"@loader_path/Frameworks",
				);
				PRODUCT_BUNDLE_IDENTIFIER = com.trivenibai.FantasticViewUITests;
				PRODUCT_NAME = "$(TARGET_NAME)";
				SWIFT_VERSION = 4.2;
				TARGETED_DEVICE_FAMILY = "1,2";
				TEST_TARGET_NAME = FantasticView;
			};
			name = Debug;
		};
		6D962A842263A23E00750FF5 /* Release */ = {
			isa = XCBuildConfiguration;
			buildSettings = {
				ALWAYS_EMBED_SWIFT_STANDARD_LIBRARIES = YES;
				CODE_SIGN_STYLE = Automatic;
				DEVELOPMENT_TEAM = G748BV74F9;
				INFOPLIST_FILE = FantasticViewUITests/Info.plist;
				LD_RUNPATH_SEARCH_PATHS = (
					"$(inherited)",
					"@executable_path/Frameworks",
					"@loader_path/Frameworks",
				);
				PRODUCT_BUNDLE_IDENTIFIER = com.trivenibai.FantasticViewUITests;
				PRODUCT_NAME = "$(TARGET_NAME)";
				SWIFT_VERSION = 4.2;
				TARGETED_DEVICE_FAMILY = "1,2";
				TEST_TARGET_NAME = FantasticView;
			};
			name = Release;
		};
/* End XCBuildConfiguration section */

/* Begin XCConfigurationList section */
		6D962A4F2263A23B00750FF5 /* Build configuration list for PBXProject "FantasticView" */ = {
			isa = XCConfigurationList;
			buildConfigurations = (
				6D962A7A2263A23E00750FF5 /* Debug */,
				6D962A7B2263A23E00750FF5 /* Release */,
			);
			defaultConfigurationIsVisible = 0;
			defaultConfigurationName = Release;
		};
		6D962A7C2263A23E00750FF5 /* Build configuration list for PBXNativeTarget "FantasticView" */ = {
			isa = XCConfigurationList;
			buildConfigurations = (
				6D962A7D2263A23E00750FF5 /* Debug */,
				6D962A7E2263A23E00750FF5 /* Release */,
			);
			defaultConfigurationIsVisible = 0;
			defaultConfigurationName = Release;
		};
		6D962A7F2263A23E00750FF5 /* Build configuration list for PBXNativeTarget "FantasticViewTests" */ = {
			isa = XCConfigurationList;
			buildConfigurations = (
				6D962A802263A23E00750FF5 /* Debug */,
				6D962A812263A23E00750FF5 /* Release */,
			);
			defaultConfigurationIsVisible = 0;
			defaultConfigurationName = Release;
		};
		6D962A822263A23E00750FF5 /* Build configuration list for PBXNativeTarget "FantasticViewUITests" */ = {
			isa = XCConfigurationList;
			buildConfigurations = (
				6D962A832263A23E00750FF5 /* Debug */,
				6D962A842263A23E00750FF5 /* Release */,
			);
			defaultConfigurationIsVisible = 0;
			defaultConfigurationName = Release;
		};
/* End XCConfigurationList section */
	};
	rootObject = 6D962A4C2263A23B00750FF5 /* Project object */;
}
